
Microsoft Visual Studio Solution File, Format Version 12.00
# Visual Studio Version 17
VisualStudioVersion = 17.0.31903.59
MinimumVisualStudioVersion = 10.0.40219.1
Project("{FAE04EC0-301F-11D3-BF4B-00C04F79EFBC}") = "AspNetCoreTodoTest", "..\AspNetCoreTodoTest\AspNetCoreTodoTest.csproj", "{712062AB-F904-41D4-870E-530D0F7B9FDA}"
EndProject
Project("{FAE04EC0-301F-11D3-BF4B-00C04F79EFBC}") = "AspNetCoreTodo.IntegrationTests", "..\AspNetCoreTodo.IntegrationTests\AspNetCoreTodo.IntegrationTests.csproj", "{77207DD5-4F54-4A3F-A1B4-7CA1D735A475}"
EndProject
Project("{FAE04EC0-301F-11D3-BF4B-00C04F79EFBC}") = "AspNetCoreTodo", "AspNetCoreTodo.csproj", "{8B883209-B08C-43EB-AEF8-340EACFFCD01}"
EndProject
Global
	GlobalSection(SolutionConfigurationPlatforms) = preSolution
		Debug|Any CPU = Debug|Any CPU
		Release|Any CPU = Release|Any CPU
	EndGlobalSection
	GlobalSection(SolutionProperties) = preSolution
		HideSolutionNode = FALSE
	EndGlobalSection
	GlobalSection(ProjectConfigurationPlatforms) = postSolution
		{712062AB-F904-41D4-870E-530D0F7B9FDA}.Debug|Any CPU.ActiveCfg = Debug|Any CPU
		{712062AB-F904-41D4-870E-530D0F7B9FDA}.Debug|Any CPU.Build.0 = Debug|Any CPU
		{712062AB-F904-41D4-870E-530D0F7B9FDA}.Release|Any CPU.ActiveCfg = Release|Any CPU
		{712062AB-F904-41D4-870E-530D0F7B9FDA}.Release|Any CPU.Build.0 = Release|Any CPU
		{77207DD5-4F54-4A3F-A1B4-7CA1D735A475}.Debug|Any CPU.ActiveCfg = Debug|Any CPU
		{77207DD5-4F54-4A3F-A1B4-7CA1D735A475}.Debug|Any CPU.Build.0 = Debug|Any CPU
		{77207DD5-4F54-4A3F-A1B4-7CA1D735A475}.Release|Any CPU.ActiveCfg = Release|Any CPU
		{77207DD5-4F54-4A3F-A1B4-7CA1D735A475}.Release|Any CPU.Build.0 = Release|Any CPU
		{8B883209-B08C-43EB-AEF8-340EACFFCD01}.Debug|Any CPU.ActiveCfg = Debug|Any CPU
		{8B883209-B08C-43EB-AEF8-340EACFFCD01}.Debug|Any CPU.Build.0 = Debug|Any CPU
		{8B883209-B08C-43EB-AEF8-340EACFFCD01}.Release|Any CPU.ActiveCfg = Release|Any CPU
		{8B883209-B08C-43EB-AEF8-340EACFFCD01}.Release|Any CPU.Build.0 = Release|Any CPU
	EndGlobalSection
EndGlobal
